
Microsoft Visual Studio Solution File, Format Version 12.00
# Visual Studio Version 17
VisualStudioVersion = 17.0.31815.197
MinimumVisualStudioVersion = 10.0.40219.1
Project("{2150E333-8FDC-42A3-9474-1A3956D46DE8}") = "src", "src", "{106AE906-5075-410A-B941-912F811848EE}"
EndProject
Project("{2150E333-8FDC-42A3-9474-1A3956D46DE8}") = "tests", "tests", "{B31B4797-1D9F-4288-808C-BE9A31A98C7D}"
EndProject
Project("{9A19103F-16F7-4668-BE54-9A1E7A4F7556}") = "QuestBoard.Infrastructure", "src\QuestBoard.Infrastructure\QuestBoard.Infrastructure.csproj", "{220361D6-9C76-4E3F-BD34-3C7B50E2CA4D}"
EndProject
Project("{2150E333-8FDC-42A3-9474-1A3956D46DE8}") = "Solution Items", "Solution Items", "{250F283E-FE2F-4BBD-9E63-A2265B84E23F}"
	ProjectSection(SolutionItems) = preProject
		.editorconfig = .editorconfig
		CleanArchitecture.nuspec = CleanArchitecture.nuspec
		Directory.Build.props = Directory.Build.props
		Directory.Packages.props = Directory.Packages.props
	EndProjectSection
EndProject
Project("{9A19103F-16F7-4668-BE54-9A1E7A4F7556}") = "QuestBoard.UnitTests", "tests\QuestBoard.UnitTests\QuestBoard.UnitTests.csproj", "{1DC7F5A0-DDF7-4975-84EB-05F4FC1B6AB5}"
EndProject
Project("{FAE04EC0-301F-11D3-BF4B-00C04F79EFBC}") = "QuestBoard.Domain", "src\QuestBoard.Domain\QuestBoard.Domain.csproj", "{97CBACCF-5B5B-4F0D-A983-FCAA8C554720}"
EndProject
Project("{FAE04EC0-301F-11D3-BF4B-00C04F79EFBC}") = "QuestBoard.WebApi", "src\QuestBoard.WebApi\QuestBoard.WebApi.csproj", "{E395421D-2101-49C7-AAE8-063BFB5413E8}"
EndProject
Project("{FAE04EC0-301F-11D3-BF4B-00C04F79EFBC}") = "QuestBoard.Application", "src\QuestBoard.Application\QuestBoard.Application.csproj", "{D47EB804-2C4F-4CC9-AB30-F82216C9F7CD}"
EndProject
Global
	GlobalSection(SolutionConfigurationPlatforms) = preSolution
		Debug|Any CPU = Debug|Any CPU
		Debug|x64 = Debug|x64
		Debug|x86 = Debug|x86
		Release|Any CPU = Release|Any CPU
		Release|x64 = Release|x64
		Release|x86 = Release|x86
	EndGlobalSection
	GlobalSection(ProjectConfigurationPlatforms) = postSolution
		{220361D6-9C76-4E3F-BD34-3C7B50E2CA4D}.Debug|Any CPU.ActiveCfg = Debug|Any CPU
		{220361D6-9C76-4E3F-BD34-3C7B50E2CA4D}.Debug|Any CPU.Build.0 = Debug|Any CPU
		{220361D6-9C76-4E3F-BD34-3C7B50E2CA4D}.Debug|x64.ActiveCfg = Debug|Any CPU
		{220361D6-9C76-4E3F-BD34-3C7B50E2CA4D}.Debug|x64.Build.0 = Debug|Any CPU
		{220361D6-9C76-4E3F-BD34-3C7B50E2CA4D}.Debug|x86.ActiveCfg = Debug|Any CPU
		{220361D6-9C76-4E3F-BD34-3C7B50E2CA4D}.Debug|x86.Build.0 = Debug|Any CPU
		{220361D6-9C76-4E3F-BD34-3C7B50E2CA4D}.Release|Any CPU.ActiveCfg = Release|Any CPU
		{220361D6-9C76-4E3F-BD34-3C7B50E2CA4D}.Release|Any CPU.Build.0 = Release|Any CPU
		{220361D6-9C76-4E3F-BD34-3C7B50E2CA4D}.Release|x64.ActiveCfg = Release|Any CPU
		{220361D6-9C76-4E3F-BD34-3C7B50E2CA4D}.Release|x64.Build.0 = Release|Any CPU
		{220361D6-9C76-4E3F-BD34-3C7B50E2CA4D}.Release|x86.ActiveCfg = Release|Any CPU
		{220361D6-9C76-4E3F-BD34-3C7B50E2CA4D}.Release|x86.Build.0 = Release|Any CPU
		{1DC7F5A0-DDF7-4975-84EB-05F4FC1B6AB5}.Debug|Any CPU.ActiveCfg = Debug|Any CPU
		{1DC7F5A0-DDF7-4975-84EB-05F4FC1B6AB5}.Debug|Any CPU.Build.0 = Debug|Any CPU
		{1DC7F5A0-DDF7-4975-84EB-05F4FC1B6AB5}.Debug|x64.ActiveCfg = Debug|Any CPU
		{1DC7F5A0-DDF7-4975-84EB-05F4FC1B6AB5}.Debug|x64.Build.0 = Debug|Any CPU
		{1DC7F5A0-DDF7-4975-84EB-05F4FC1B6AB5}.Debug|x86.ActiveCfg = Debug|Any CPU
		{1DC7F5A0-DDF7-4975-84EB-05F4FC1B6AB5}.Debug|x86.Build.0 = Debug|Any CPU
		{1DC7F5A0-DDF7-4975-84EB-05F4FC1B6AB5}.Release|Any CPU.ActiveCfg = Release|Any CPU
		{1DC7F5A0-DDF7-4975-84EB-05F4FC1B6AB5}.Release|Any CPU.Build.0 = Release|Any CPU
		{1DC7F5A0-DDF7-4975-84EB-05F4FC1B6AB5}.Release|x64.ActiveCfg = Release|Any CPU
		{1DC7F5A0-DDF7-4975-84EB-05F4FC1B6AB5}.Release|x64.Build.0 = Release|Any CPU
		{1DC7F5A0-DDF7-4975-84EB-05F4FC1B6AB5}.Release|x86.ActiveCfg = Release|Any CPU
		{1DC7F5A0-DDF7-4975-84EB-05F4FC1B6AB5}.Release|x86.Build.0 = Release|Any CPU
		{97CBACCF-5B5B-4F0D-A983-FCAA8C554720}.Debug|Any CPU.ActiveCfg = Debug|Any CPU
		{97CBACCF-5B5B-4F0D-A983-FCAA8C554720}.Debug|Any CPU.Build.0 = Debug|Any CPU
		{97CBACCF-5B5B-4F0D-A983-FCAA8C554720}.Debug|x64.ActiveCfg = Debug|Any CPU
		{97CBACCF-5B5B-4F0D-A983-FCAA8C554720}.Debug|x64.Build.0 = Debug|Any CPU
		{97CBACCF-5B5B-4F0D-A983-FCAA8C554720}.Debug|x86.ActiveCfg = Debug|Any CPU
		{97CBACCF-5B5B-4F0D-A983-FCAA8C554720}.Debug|x86.Build.0 = Debug|Any CPU
		{97CBACCF-5B5B-4F0D-A983-FCAA8C554720}.Release|Any CPU.ActiveCfg = Release|Any CPU
		{97CBACCF-5B5B-4F0D-A983-FCAA8C554720}.Release|Any CPU.Build.0 = Release|Any CPU
		{97CBACCF-5B5B-4F0D-A983-FCAA8C554720}.Release|x64.ActiveCfg = Release|Any CPU
		{97CBACCF-5B5B-4F0D-A983-FCAA8C554720}.Release|x64.Build.0 = Release|Any CPU
		{97CBACCF-5B5B-4F0D-A983-FCAA8C554720}.Release|x86.ActiveCfg = Release|Any CPU
		{97CBACCF-5B5B-4F0D-A983-FCAA8C554720}.Release|x86.Build.0 = Release|Any CPU
		{E395421D-2101-49C7-AAE8-063BFB5413E8}.Debug|Any CPU.ActiveCfg = Debug|Any CPU
		{E395421D-2101-49C7-AAE8-063BFB5413E8}.Debug|Any CPU.Build.0 = Debug|Any CPU
		{E395421D-2101-49C7-AAE8-063BFB5413E8}.Debug|x64.ActiveCfg = Debug|Any CPU
		{E395421D-2101-49C7-AAE8-063BFB5413E8}.Debug|x64.Build.0 = Debug|Any CPU
		{E395421D-2101-49C7-AAE8-063BFB5413E8}.Debug|x86.ActiveCfg = Debug|Any CPU
		{E395421D-2101-49C7-AAE8-063BFB5413E8}.Debug|x86.Build.0 = Debug|Any CPU
		{E395421D-2101-49C7-AAE8-063BFB5413E8}.Release|Any CPU.ActiveCfg = Release|Any CPU
		{E395421D-2101-49C7-AAE8-063BFB5413E8}.Release|Any CPU.Build.0 = Release|Any CPU
		{E395421D-2101-49C7-AAE8-063BFB5413E8}.Release|x64.ActiveCfg = Release|Any CPU
		{E395421D-2101-49C7-AAE8-063BFB5413E8}.Release|x64.Build.0 = Release|Any CPU
		{E395421D-2101-49C7-AAE8-063BFB5413E8}.Release|x86.ActiveCfg = Release|Any CPU
		{E395421D-2101-49C7-AAE8-063BFB5413E8}.Release|x86.Build.0 = Release|Any CPU
		{D47EB804-2C4F-4CC9-AB30-F82216C9F7CD}.Debug|Any CPU.ActiveCfg = Debug|Any CPU
		{D47EB804-2C4F-4CC9-AB30-F82216C9F7CD}.Debug|Any CPU.Build.0 = Debug|Any CPU
		{D47EB804-2C4F-4CC9-AB30-F82216C9F7CD}.Debug|x64.ActiveCfg = Debug|Any CPU
		{D47EB804-2C4F-4CC9-AB30-F82216C9F7CD}.Debug|x64.Build.0 = Debug|Any CPU
		{D47EB804-2C4F-4CC9-AB30-F82216C9F7CD}.Debug|x86.ActiveCfg = Debug|Any CPU
		{D47EB804-2C4F-4CC9-AB30-F82216C9F7CD}.Debug|x86.Build.0 = Debug|Any CPU
		{D47EB804-2C4F-4CC9-AB30-F82216C9F7CD}.Release|Any CPU.ActiveCfg = Release|Any CPU
		{D47EB804-2C4F-4CC9-AB30-F82216C9F7CD}.Release|Any CPU.Build.0 = Release|Any CPU
		{D47EB804-2C4F-4CC9-AB30-F82216C9F7CD}.Release|x64.ActiveCfg = Release|Any CPU
		{D47EB804-2C4F-4CC9-AB30-F82216C9F7CD}.Release|x64.Build.0 = Release|Any CPU
		{D47EB804-2C4F-4CC9-AB30-F82216C9F7CD}.Release|x86.ActiveCfg = Release|Any CPU
		{D47EB804-2C4F-4CC9-AB30-F82216C9F7CD}.Release|x86.Build.0 = Release|Any CPU
	EndGlobalSection
	GlobalSection(SolutionProperties) = preSolution
		HideSolutionNode = FALSE
	EndGlobalSection
	GlobalSection(NestedProjects) = preSolution
		{220361D6-9C76-4E3F-BD34-3C7B50E2CA4D} = {106AE906-5075-410A-B941-912F811848EE}
		{1DC7F5A0-DDF7-4975-84EB-05F4FC1B6AB5} = {B31B4797-1D9F-4288-808C-BE9A31A98C7D}
		{97CBACCF-5B5B-4F0D-A983-FCAA8C554720} = {106AE906-5075-410A-B941-912F811848EE}
		{E395421D-2101-49C7-AAE8-063BFB5413E8} = {106AE906-5075-410A-B941-912F811848EE}
		{D47EB804-2C4F-4CC9-AB30-F82216C9F7CD} = {106AE906-5075-410A-B941-912F811848EE}
	EndGlobalSection
	GlobalSection(ExtensibilityGlobals) = postSolution
		SolutionGuid = {B0F19343-8185-4A9F-9165-0EA8544BC925}
	EndGlobalSection
EndGlobal
